// !$*UTF8*$!
{
	archiveVersion = 1;
	classes = {
	};
	objectVersion = 77;
	objects = {

/* Begin PBXBuildFile section */
		A7CB2C1B2D5BEE270000DC80 /* PinTaskList.xcdatamodeld in Sources */ = {isa = PBXBuildFile; fileRef = A7CB2C192D5BEE270000DC80 /* PinTaskList.xcdatamodeld */; };
		A7CB2C1E2D5BEF220000DC80 /* PinTask+CoreDataClass.swift in Sources */ = {isa = PBXBuildFile; fileRef = A7CB2C1C2D5BEF220000DC80 /* PinTask+CoreDataClass.swift */; };
		A7CB2C1F2D5BEF220000DC80 /* PinTask+CoreDataProperties.swift in Sources */ = {isa = PBXBuildFile; fileRef = A7CB2C1D2D5BEF220000DC80 /* PinTask+CoreDataProperties.swift */; };
/* End PBXBuildFile section */

/* Begin PBXContainerItemProxy section */
		A79B33442D42C9E100E376E2 /* PBXContainerItemProxy */ = {
			isa = PBXContainerItemProxy;
			containerPortal = A79B33292D42C9DF00E376E2 /* Project object */;
			proxyType = 1;
			remoteGlobalIDString = A79B33302D42C9DF00E376E2;
			remoteInfo = DoItOrLoseIt;
		};
		A79B334E2D42C9E100E376E2 /* PBXContainerItemProxy */ = {
			isa = PBXContainerItemProxy;
			containerPortal = A79B33292D42C9DF00E376E2 /* Project object */;
			proxyType = 1;
			remoteGlobalIDString = A79B33302D42C9DF00E376E2;
			remoteInfo = DoItOrLoseIt;
		};
/* End PBXContainerItemProxy section */

/* Begin PBXFileReference section */
		A79B33312D42C9DF00E376E2 /* DoItOrLoseIt.app */ = {isa = PBXFileReference; explicitFileType = wrapper.application; includeInIndex = 0; path = DoItOrLoseIt.app; sourceTree = BUILT_PRODUCTS_DIR; };
		A79B33432D42C9E100E376E2 /* DoItOrLoseItTests.xctest */ = {isa = PBXFileReference; explicitFileType = wrapper.cfbundle; includeInIndex = 0; path = DoItOrLoseItTests.xctest; sourceTree = BUILT_PRODUCTS_DIR; };
		A79B334D2D42C9E100E376E2 /* DoItOrLoseItUITests.xctest */ = {isa = PBXFileReference; explicitFileType = wrapper.cfbundle; includeInIndex = 0; path = DoItOrLoseItUITests.xctest; sourceTree = BUILT_PRODUCTS_DIR; };
		A7CB2C1A2D5BEE270000DC80 /* PinTaskList.xcdatamodel */ = {isa = PBXFileReference; lastKnownFileType = wrapper.xcdatamodel; path = PinTaskList.xcdatamodel; sourceTree = "<group>"; };
		A7CB2C1C2D5BEF220000DC80 /* PinTask+CoreDataClass.swift */ = {isa = PBXFileReference; lastKnownFileType = sourcecode.swift; path = "PinTask+CoreDataClass.swift"; sourceTree = "<group>"; };
		A7CB2C1D2D5BEF220000DC80 /* PinTask+CoreDataProperties.swift */ = {isa = PBXFileReference; lastKnownFileType = sourcecode.swift; path = "PinTask+CoreDataProperties.swift"; sourceTree = "<group>"; };
/* End PBXFileReference section */

/* Begin PBXFileSystemSynchronizedBuildFileExceptionSet section */
		A7B8870D2D5FC51300A4BE08 /* Exceptions for "DoItOrLoseIt" folder in "DoItOrLoseIt" target */ = {
			isa = PBXFileSystemSynchronizedBuildFileExceptionSet;
			membershipExceptions = (
				Info.plist,
			);
			target = A79B33302D42C9DF00E376E2 /* DoItOrLoseIt */;
		};
/* End PBXFileSystemSynchronizedBuildFileExceptionSet section */

/* Begin PBXFileSystemSynchronizedRootGroup section */
		A79B33332D42C9DF00E376E2 /* DoItOrLoseIt */ = {
			isa = PBXFileSystemSynchronizedRootGroup;
			exceptions = (
				A7B8870D2D5FC51300A4BE08 /* Exceptions for "DoItOrLoseIt" folder in "DoItOrLoseIt" target */,
			);
			path = DoItOrLoseIt;
			sourceTree = "<group>";
		};
		A79B33462D42C9E100E376E2 /* DoItOrLoseItTests */ = {
			isa = PBXFileSystemSynchronizedRootGroup;
			path = DoItOrLoseItTests;
			sourceTree = "<group>";
		};
		A79B33502D42C9E100E376E2 /* DoItOrLoseItUITests */ = {
			isa = PBXFileSystemSynchronizedRootGroup;
			path = DoItOrLoseItUITests;
			sourceTree = "<group>";
		};
/* End PBXFileSystemSynchronizedRootGroup section */

/* Begin PBXFrameworksBuildPhase section */
		A79B332E2D42C9DF00E376E2 /* Frameworks */ = {
			isa = PBXFrameworksBuildPhase;
			buildActionMask = 2147483647;
			files = (
			);
			runOnlyForDeploymentPostprocessing = 0;
		};
		A79B33402D42C9E100E376E2 /* Frameworks */ = {
			isa = PBXFrameworksBuildPhase;
			buildActionMask = 2147483647;
			files = (
			);
			runOnlyForDeploymentPostprocessing = 0;
		};
		A79B334A2D42C9E100E376E2 /* Frameworks */ = {
			isa = PBXFrameworksBuildPhase;
			buildActionMask = 2147483647;
			files = (
			);
			runOnlyForDeploymentPostprocessing = 0;
		};
/* End PBXFrameworksBuildPhase section */

/* Begin PBXGroup section */
		A79B33282D42C9DF00E376E2 = {
			isa = PBXGroup;
			children = (
				A7CB2C1C2D5BEF220000DC80 /* PinTask+CoreDataClass.swift */,
				A7CB2C1D2D5BEF220000DC80 /* PinTask+CoreDataProperties.swift */,
				A7CB2C192D5BEE270000DC80 /* PinTaskList.xcdatamodeld */,
				A79B33332D42C9DF00E376E2 /* DoItOrLoseIt */,
				A79B33462D42C9E100E376E2 /* DoItOrLoseItTests */,
				A79B33502D42C9E100E376E2 /* DoItOrLoseItUITests */,
				A79B33322D42C9DF00E376E2 /* Products */,
			);
			sourceTree = "<group>";
		};
		A79B33322D42C9DF00E376E2 /* Products */ = {
			isa = PBXGroup;
			children = (
				A79B33312D42C9DF00E376E2 /* DoItOrLoseIt.app */,
				A79B33432D42C9E100E376E2 /* DoItOrLoseItTests.xctest */,
				A79B334D2D42C9E100E376E2 /* DoItOrLoseItUITests.xctest */,
			);
			name = Products;
			sourceTree = "<group>";
		};
/* End PBXGroup section */

/* Begin PBXNativeTarget section */
		A79B33302D42C9DF00E376E2 /* DoItOrLoseIt */ = {
			isa = PBXNativeTarget;
			buildConfigurationList = A79B33572D42C9E100E376E2 /* Build configuration list for PBXNativeTarget "DoItOrLoseIt" */;
			buildPhases = (
				A79B332D2D42C9DF00E376E2 /* Sources */,
				A79B332E2D42C9DF00E376E2 /* Frameworks */,
				A79B332F2D42C9DF00E376E2 /* Resources */,
			);
			buildRules = (
			);
			dependencies = (
			);
			fileSystemSynchronizedGroups = (
				A79B33332D42C9DF00E376E2 /* DoItOrLoseIt */,
			);
			name = DoItOrLoseIt;
			packageProductDependencies = (
			);
			productName = DoItOrLoseIt;
			productReference = A79B33312D42C9DF00E376E2 /* DoItOrLoseIt.app */;
			productType = "com.apple.product-type.application";
		};
		A79B33422D42C9E100E376E2 /* DoItOrLoseItTests */ = {
			isa = PBXNativeTarget;
			buildConfigurationList = A79B335A2D42C9E100E376E2 /* Build configuration list for PBXNativeTarget "DoItOrLoseItTests" */;
			buildPhases = (
				A79B333F2D42C9E100E376E2 /* Sources */,
				A79B33402D42C9E100E376E2 /* Frameworks */,
				A79B33412D42C9E100E376E2 /* Resources */,
			);
			buildRules = (
			);
			dependencies = (
				A79B33452D42C9E100E376E2 /* PBXTargetDependency */,
			);
			fileSystemSynchronizedGroups = (
				A79B33462D42C9E100E376E2 /* DoItOrLoseItTests */,
			);
			name = DoItOrLoseItTests;
			packageProductDependencies = (
			);
			productName = DoItOrLoseItTests;
			productReference = A79B33432D42C9E100E376E2 /* DoItOrLoseItTests.xctest */;
			productType = "com.apple.product-type.bundle.unit-test";
		};
		A79B334C2D42C9E100E376E2 /* DoItOrLoseItUITests */ = {
			isa = PBXNativeTarget;
			buildConfigurationList = A79B335D2D42C9E100E376E2 /* Build configuration list for PBXNativeTarget "DoItOrLoseItUITests" */;
			buildPhases = (
				A79B33492D42C9E100E376E2 /* Sources */,
				A79B334A2D42C9E100E376E2 /* Frameworks */,
				A79B334B2D42C9E100E376E2 /* Resources */,
			);
			buildRules = (
			);
			dependencies = (
				A79B334F2D42C9E100E376E2 /* PBXTargetDependency */,
			);
			fileSystemSynchronizedGroups = (
				A79B33502D42C9E100E376E2 /* DoItOrLoseItUITests */,
			);
			name = DoItOrLoseItUITests;
			packageProductDependencies = (
			);
			productName = DoItOrLoseItUITests;
			productReference = A79B334D2D42C9E100E376E2 /* DoItOrLoseItUITests.xctest */;
			productType = "com.apple.product-type.bundle.ui-testing";
		};
/* End PBXNativeTarget section */

/* Begin PBXProject section */
		A79B33292D42C9DF00E376E2 /* Project object */ = {
			isa = PBXProject;
			attributes = {
				BuildIndependentTargetsInParallel = 1;
				LastSwiftUpdateCheck = 1620;
				LastUpgradeCheck = 1620;
				TargetAttributes = {
					A79B33302D42C9DF00E376E2 = {
						CreatedOnToolsVersion = 16.2;
					};
					A79B33422D42C9E100E376E2 = {
						CreatedOnToolsVersion = 16.2;
						TestTargetID = A79B33302D42C9DF00E376E2;
					};
					A79B334C2D42C9E100E376E2 = {
						CreatedOnToolsVersion = 16.2;
						TestTargetID = A79B33302D42C9DF00E376E2;
					};
				};
			};
			buildConfigurationList = A79B332C2D42C9DF00E376E2 /* Build configuration list for PBXProject "DoItOrLoseIt" */;
			developmentRegion = en;
			hasScannedForEncodings = 0;
			knownRegions = (
				en,
				Base,
			);
			mainGroup = A79B33282D42C9DF00E376E2;
			minimizedProjectReferenceProxies = 1;
			preferredProjectObjectVersion = 77;
			productRefGroup = A79B33322D42C9DF00E376E2 /* Products */;
			projectDirPath = "";
			projectRoot = "";
			targets = (
				A79B33302D42C9DF00E376E2 /* DoItOrLoseIt */,
				A79B33422D42C9E100E376E2 /* DoItOrLoseItTests */,
				A79B334C2D42C9E100E376E2 /* DoItOrLoseItUITests */,
			);
		};
/* End PBXProject section */

/* Begin PBXResourcesBuildPhase section */
		A79B332F2D42C9DF00E376E2 /* Resources */ = {
			isa = PBXResourcesBuildPhase;
			buildActionMask = 2147483647;
			files = (
			);
			runOnlyForDeploymentPostprocessing = 0;
		};
		A79B33412D42C9E100E376E2 /* Resources */ = {
			isa = PBXResourcesBuildPhase;
			buildActionMask = 2147483647;
			files = (
			);
			runOnlyForDeploymentPostprocessing = 0;
		};
		A79B334B2D42C9E100E376E2 /* Resources */ = {
			isa = PBXResourcesBuildPhase;
			buildActionMask = 2147483647;
			files = (
			);
			runOnlyForDeploymentPostprocessing = 0;
		};
/* End PBXResourcesBuildPhase section */

/* Begin PBXSourcesBuildPhase section */
		A79B332D2D42C9DF00E376E2 /* Sources */ = {
			isa = PBXSourcesBuildPhase;
			buildActionMask = 2147483647;
			files = (
				A7CB2C1E2D5BEF220000DC80 /* PinTask+CoreDataClass.swift in Sources */,
				A7CB2C1F2D5BEF220000DC80 /* PinTask+CoreDataProperties.swift in Sources */,
				A7CB2C1B2D5BEE270000DC80 /* PinTaskList.xcdatamodeld in Sources */,
			);
			runOnlyForDeploymentPostprocessing = 0;
		};
		A79B333F2D42C9E100E376E2 /* Sources */ = {
			isa = PBXSourcesBuildPhase;
			buildActionMask = 2147483647;
			files = (
			);
			runOnlyForDeploymentPostprocessing = 0;
		};
		A79B33492D42C9E100E376E2 /* Sources */ = {
			isa = PBXSourcesBuildPhase;
			buildActionMask = 2147483647;
			files = (
			);
			runOnlyForDeploymentPostprocessing = 0;
		};
/* End PBXSourcesBuildPhase section */

/* Begin PBXTargetDependency section */
		A79B33452D42C9E100E376E2 /* PBXTargetDependency */ = {
			isa = PBXTargetDependency;
			target = A79B33302D42C9DF00E376E2 /* DoItOrLoseIt */;
			targetProxy = A79B33442D42C9E100E376E2 /* PBXContainerItemProxy */;
		};
		A79B334F2D42C9E100E376E2 /* PBXTargetDependency */ = {
			isa = PBXTargetDependency;
			target = A79B33302D42C9DF00E376E2 /* DoItOrLoseIt */;
			targetProxy = A79B334E2D42C9E100E376E2 /* PBXContainerItemProxy */;
		};
/* End PBXTargetDependency section */

/* Begin XCBuildConfiguration section */
		A79B33552D42C9E100E376E2 /* Debug */ = {
			isa = XCBuildConfiguration;
			buildSettings = {
				ALWAYS_SEARCH_USER_PATHS = NO;
				ASSETCATALOG_COMPILER_GENERATE_SWIFT_ASSET_SYMBOL_EXTENSIONS = YES;
				CLANG_ANALYZER_NONNULL = YES;
				CLANG_ANALYZER_NUMBER_OBJECT_CONVERSION = YES_AGGRESSIVE;
				CLANG_CXX_LANGUAGE_STANDARD = "gnu++20";
				CLANG_ENABLE_MODULES = YES;
				CLANG_ENABLE_OBJC_ARC = YES;
				CLANG_ENABLE_OBJC_WEAK = YES;
				CLANG_WARN_BLOCK_CAPTURE_AUTORELEASING = YES;
				CLANG_WARN_BOOL_CONVERSION = YES;
				CLANG_WARN_COMMA = YES;
				CLANG_WARN_CONSTANT_CONVERSION = YES;
				CLANG_WARN_DEPRECATED_OBJC_IMPLEMENTATIONS = YES;
				CLANG_WARN_DIRECT_OBJC_ISA_USAGE = YES_ERROR;
				CLANG_WARN_DOCUMENTATION_COMMENTS = YES;
				CLANG_WARN_EMPTY_BODY = YES;
				CLANG_WARN_ENUM_CONVERSION = YES;
				CLANG_WARN_INFINITE_RECURSION = YES;
				CLANG_WARN_INT_CONVERSION = YES;
				CLANG_WARN_NON_LITERAL_NULL_CONVERSION = YES;
				CLANG_WARN_OBJC_IMPLICIT_RETAIN_SELF = YES;
				CLANG_WARN_OBJC_LITERAL_CONVERSION = YES;
				CLANG_WARN_OBJC_ROOT_CLASS = YES_ERROR;
				CLANG_WARN_QUOTED_INCLUDE_IN_FRAMEWORK_HEADER = YES;
				CLANG_WARN_RANGE_LOOP_ANALYSIS = YES;
				CLANG_WARN_STRICT_PROTOTYPES = YES;
				CLANG_WARN_SUSPICIOUS_MOVE = YES;
				CLANG_WARN_UNGUARDED_AVAILABILITY = YES_AGGRESSIVE;
				CLANG_WARN_UNREACHABLE_CODE = YES;
				CLANG_WARN__DUPLICATE_METHOD_MATCH = YES;
				COPY_PHASE_STRIP = NO;
				DEBUG_INFORMATION_FORMAT = dwarf;
				ENABLE_STRICT_OBJC_MSGSEND = YES;
				ENABLE_TESTABILITY = YES;
				ENABLE_USER_SCRIPT_SANDBOXING = YES;
				GCC_C_LANGUAGE_STANDARD = gnu17;
				GCC_DYNAMIC_NO_PIC = NO;
				GCC_NO_COMMON_BLOCKS = YES;
				GCC_OPTIMIZATION_LEVEL = 0;
				GCC_PREPROCESSOR_DEFINITIONS = (
					"DEBUG=1",
					"$(inherited)",
				);
				GCC_WARN_64_TO_32_BIT_CONVERSION = YES;
				GCC_WARN_ABOUT_RETURN_TYPE = YES_ERROR;
				GCC_WARN_UNDECLARED_SELECTOR = YES;
				GCC_WARN_UNINITIALIZED_AUTOS = YES_AGGRESSIVE;
				GCC_WARN_UNUSED_FUNCTION = YES;
				GCC_WARN_UNUSED_VARIABLE = YES;
				IPHONEOS_DEPLOYMENT_TARGET = 18.2;
				LOCALIZATION_PREFERS_STRING_CATALOGS = YES;
				MTL_ENABLE_DEBUG_INFO = INCLUDE_SOURCE;
				MTL_FAST_MATH = YES;
				ONLY_ACTIVE_ARCH = YES;
				SDKROOT = iphoneos;
				SWIFT_ACTIVE_COMPILATION_CONDITIONS = "DEBUG $(inherited)";
				SWIFT_OPTIMIZATION_LEVEL = "-Onone";
			};
			name = Debug;
		};
		A79B33562D42C9E100E376E2 /* Release */ = {
			isa = XCBuildConfiguration;
			buildSettings = {
				ALWAYS_SEARCH_USER_PATHS = NO;
				ASSETCATALOG_COMPILER_GENERATE_SWIFT_ASSET_SYMBOL_EXTENSIONS = YES;
				CLANG_ANALYZER_NONNULL = YES;
				CLANG_ANALYZER_NUMBER_OBJECT_CONVERSION = YES_AGGRESSIVE;
				CLANG_CXX_LANGUAGE_STANDARD = "gnu++20";
				CLANG_ENABLE_MODULES = YES;
				CLANG_ENABLE_OBJC_ARC = YES;
				CLANG_ENABLE_OBJC_WEAK = YES;
				CLANG_WARN_BLOCK_CAPTURE_AUTORELEASING = YES;
				CLANG_WARN_BOOL_CONVERSION = YES;
				CLANG_WARN_COMMA = YES;
				CLANG_WARN_CONSTANT_CONVERSION = YES;
				CLANG_WARN_DEPRECATED_OBJC_IMPLEMENTATIONS = YES;
				CLANG_WARN_DIRECT_OBJC_ISA_USAGE = YES_ERROR;
				CLANG_WARN_DOCUMENTATION_COMMENTS = YES;
				CLANG_WARN_EMPTY_BODY = YES;
				CLANG_WARN_ENUM_CONVERSION = YES;
				CLANG_WARN_INFINITE_RECURSION = YES;
				CLANG_WARN_INT_CONVERSION = YES;
				CLANG_WARN_NON_LITERAL_NULL_CONVERSION = YES;
				CLANG_WARN_OBJC_IMPLICIT_RETAIN_SELF = YES;
				CLANG_WARN_OBJC_LITERAL_CONVERSION = YES;
				CLANG_WARN_OBJC_ROOT_CLASS = YES_ERROR;
				CLANG_WARN_QUOTED_INCLUDE_IN_FRAMEWORK_HEADER = YES;
				CLANG_WARN_RANGE_LOOP_ANALYSIS = YES;
				CLANG_WARN_STRICT_PROTOTYPES = YES;
				CLANG_WARN_SUSPICIOUS_MOVE = YES;
				CLANG_WARN_UNGUARDED_AVAILABILITY = YES_AGGRESSIVE;
				CLANG_WARN_UNREACHABLE_CODE = YES;
				CLANG_WARN__DUPLICATE_METHOD_MATCH = YES;
				COPY_PHASE_STRIP = NO;
				DEBUG_INFORMATION_FORMAT = "dwarf-with-dsym";
				ENABLE_NS_ASSERTIONS = NO;
				ENABLE_STRICT_OBJC_MSGSEND = YES;
				ENABLE_USER_SCRIPT_SANDBOXING = YES;
				GCC_C_LANGUAGE_STANDARD = gnu17;
				GCC_NO_COMMON_BLOCKS = YES;
				GCC_WARN_64_TO_32_BIT_CONVERSION = YES;
				GCC_WARN_ABOUT_RETURN_TYPE = YES_ERROR;
				GCC_WARN_UNDECLARED_SELECTOR = YES;
				GCC_WARN_UNINITIALIZED_AUTOS = YES_AGGRESSIVE;
				GCC_WARN_UNUSED_FUNCTION = YES;
				GCC_WARN_UNUSED_VARIABLE = YES;
				IPHONEOS_DEPLOYMENT_TARGET = 18.2;
				LOCALIZATION_PREFERS_STRING_CATALOGS = YES;
				MTL_ENABLE_DEBUG_INFO = NO;
				MTL_FAST_MATH = YES;
				SDKROOT = iphoneos;
				SWIFT_COMPILATION_MODE = wholemodule;
				VALIDATE_PRODUCT = YES;
			};
			name = Release;
		};
		A79B33582D42C9E100E376E2 /* Debug */ = {
			isa = XCBuildConfiguration;
			buildSettings = {
				ASSETCATALOG_COMPILER_APPICON_NAME = AppIcon;
				ASSETCATALOG_COMPILER_GLOBAL_ACCENT_COLOR_NAME = AccentColor;
				CODE_SIGN_STYLE = Automatic;
				CURRENT_PROJECT_VERSION = 1;
				DEVELOPMENT_ASSET_PATHS = "\"DoItOrLoseIt/Preview Content\"";
				DEVELOPMENT_TEAM = HB266R4Z6R;
				ENABLE_PREVIEWS = YES;
				GENERATE_INFOPLIST_FILE = YES;
				INFOPLIST_FILE = DoItOrLoseIt/Info.plist;
				INFOPLIST_KEY_NSLocationAlwaysUsageDescription = "App needs location to verify completion of tasks. Even when app is closed.";
				INFOPLIST_KEY_NSLocationWhenInUseUsageDescription = "Location Info Needed to verify task completion";
				INFOPLIST_KEY_UIApplicationSceneManifest_Generation = YES;
				INFOPLIST_KEY_UIApplicationSupportsIndirectInputEvents = YES;
				INFOPLIST_KEY_UILaunchScreen_Generation = YES;
				INFOPLIST_KEY_UISupportedInterfaceOrientations_iPad = "UIInterfaceOrientationPortrait UIInterfaceOrientationPortraitUpsideDown UIInterfaceOrientationLandscapeLeft UIInterfaceOrientationLandscapeRight";
				INFOPLIST_KEY_UISupportedInterfaceOrientations_iPhone = "UIInterfaceOrientationPortrait UIInterfaceOrientationLandscapeLeft UIInterfaceOrientationLandscapeRight";
				LD_RUNPATH_SEARCH_PATHS = (
					"$(inherited)",
					"@executable_path/Frameworks",
				);
				MARKETING_VERSION = 1.0;
				PRODUCT_BUNDLE_IDENTIFIER = Jason.DoItOrLoseIt;
				PRODUCT_NAME = "$(TARGET_NAME)";
				SWIFT_EMIT_LOC_STRINGS = YES;
				SWIFT_VERSION = 5.0;
				TARGETED_DEVICE_FAMILY = "1,2";
			};
			name = Debug;
		};
		A79B33592D42C9E100E376E2 /* Release */ = {
			isa = XCBuildConfiguration;
			buildSettings = {
				ASSETCATALOG_COMPILER_APPICON_NAME = AppIcon;
				ASSETCATALOG_COMPILER_GLOBAL_ACCENT_COLOR_NAME = AccentColor;
				CODE_SIGN_STYLE = Automatic;
				CURRENT_PROJECT_VERSION = 1;
				DEVELOPMENT_ASSET_PATHS = "\"DoItOrLoseIt/Preview Content\"";
				DEVELOPMENT_TEAM = HB266R4Z6R;
				ENABLE_PREVIEWS = YES;
				GENERATE_INFOPLIST_FILE = YES;
				INFOPLIST_FILE = DoItOrLoseIt/Info.plist;
				INFOPLIST_KEY_NSLocationAlwaysUsageDescription = "App needs location to verify completion of tasks. Even when app is closed.";
				INFOPLIST_KEY_NSLocationWhenInUseUsageDescription = "Location Info Needed to verify task completion";
				INFOPLIST_KEY_UIApplicationSceneManifest_Generation = YES;
				INFOPLIST_KEY_UIApplicationSupportsIndirectInputEvents = YES;
				INFOPLIST_KEY_UILaunchScreen_Generation = YES;
				INFOPLIST_KEY_UISupportedInterfaceOrientations_iPad = "UIInterfaceOrientationPortrait UIInterfaceOrientationPortraitUpsideDown UIInterfaceOrientationLandscapeLeft UIInterfaceOrientationLandscapeRight";
				INFOPLIST_KEY_UISupportedInterfaceOrientations_iPhone = "UIInterfaceOrientationPortrait UIInterfaceOrientationLandscapeLeft UIInterfaceOrientationLandscapeRight";
				LD_RUNPATH_SEARCH_PATHS = (
					"$(inherited)",
					"@executable_path/Frameworks",
				);
				MARKETING_VERSION = 1.0;
				PRODUCT_BUNDLE_IDENTIFIER = Jason.DoItOrLoseIt;
				PRODUCT_NAME = "$(TARGET_NAME)";
				SWIFT_EMIT_LOC_STRINGS = YES;
				SWIFT_VERSION = 5.0;
				TARGETED_DEVICE_FAMILY = "1,2";
			};
			name = Release;
		};
		A79B335B2D42C9E100E376E2 /* Debug */ = {
			isa = XCBuildConfiguration;
			buildSettings = {
				BUNDLE_LOADER = "$(TEST_HOST)";
				CODE_SIGN_STYLE = Automatic;
				CURRENT_PROJECT_VERSION = 1;
				DEVELOPMENT_TEAM = HB266R4Z6R;
				GENERATE_INFOPLIST_FILE = YES;
				IPHONEOS_DEPLOYMENT_TARGET = 18.2;
				MARKETING_VERSION = 1.0;
				PRODUCT_BUNDLE_IDENTIFIER = Jason.DoItOrLoseItTests;
				PRODUCT_NAME = "$(TARGET_NAME)";
				SWIFT_EMIT_LOC_STRINGS = NO;
				SWIFT_VERSION = 5.0;
				TARGETED_DEVICE_FAMILY = "1,2";
				TEST_HOST = "$(BUILT_PRODUCTS_DIR)/DoItOrLoseIt.app/$(BUNDLE_EXECUTABLE_FOLDER_PATH)/DoItOrLoseIt";
			};
			name = Debug;
		};
		A79B335C2D42C9E100E376E2 /* Release */ = {
			isa = XCBuildConfiguration;
			buildSettings = {
				BUNDLE_LOADER = "$(TEST_HOST)";
				CODE_SIGN_STYLE = Automatic;
				CURRENT_PROJECT_VERSION = 1;
				DEVELOPMENT_TEAM = HB266R4Z6R;
				GENERATE_INFOPLIST_FILE = YES;
				IPHONEOS_DEPLOYMENT_TARGET = 18.2;
				MARKETING_VERSION = 1.0;
				PRODUCT_BUNDLE_IDENTIFIER = Jason.DoItOrLoseItTests;
				PRODUCT_NAME = "$(TARGET_NAME)";
				SWIFT_EMIT_LOC_STRINGS = NO;
				SWIFT_VERSION = 5.0;
				TARGETED_DEVICE_FAMILY = "1,2";
				TEST_HOST = "$(BUILT_PRODUCTS_DIR)/DoItOrLoseIt.app/$(BUNDLE_EXECUTABLE_FOLDER_PATH)/DoItOrLoseIt";
			};
			name = Release;
		};
		A79B335E2D42C9E100E376E2 /* Debug */ = {
			isa = XCBuildConfiguration;
			buildSettings = {
				CODE_SIGN_STYLE = Automatic;
				CURRENT_PROJECT_VERSION = 1;
				DEVELOPMENT_TEAM = HB266R4Z6R;
				GENERATE_INFOPLIST_FILE = YES;
				MARKETING_VERSION = 1.0;
				PRODUCT_BUNDLE_IDENTIFIER = Jason.DoItOrLoseItUITests;
				PRODUCT_NAME = "$(TARGET_NAME)";
				SWIFT_EMIT_LOC_STRINGS = NO;
				SWIFT_VERSION = 5.0;
				TARGETED_DEVICE_FAMILY = "1,2";
				TEST_TARGET_NAME = DoItOrLoseIt;
			};
			name = Debug;
		};
		A79B335F2D42C9E100E376E2 /* Release */ = {
			isa = XCBuildConfiguration;
			buildSettings = {
				CODE_SIGN_STYLE = Automatic;
				CURRENT_PROJECT_VERSION = 1;
				DEVELOPMENT_TEAM = HB266R4Z6R;
				GENERATE_INFOPLIST_FILE = YES;
				MARKETING_VERSION = 1.0;
				PRODUCT_BUNDLE_IDENTIFIER = Jason.DoItOrLoseItUITests;
				PRODUCT_NAME = "$(TARGET_NAME)";
				SWIFT_EMIT_LOC_STRINGS = NO;
				SWIFT_VERSION = 5.0;
				TARGETED_DEVICE_FAMILY = "1,2";
				TEST_TARGET_NAME = DoItOrLoseIt;
			};
			name = Release;
		};
/* End XCBuildConfiguration section */

/* Begin XCConfigurationList section */
		A79B332C2D42C9DF00E376E2 /* Build configuration list for PBXProject "DoItOrLoseIt" */ = {
			isa = XCConfigurationList;
			buildConfigurations = (
				A79B33552D42C9E100E376E2 /* Debug */,
				A79B33562D42C9E100E376E2 /* Release */,
			);
			defaultConfigurationIsVisible = 0;
			defaultConfigurationName = Release;
		};
		A79B33572D42C9E100E376E2 /* Build configuration list for PBXNativeTarget "DoItOrLoseIt" */ = {
			isa = XCConfigurationList;
			buildConfigurations = (
				A79B33582D42C9E100E376E2 /* Debug */,
				A79B33592D42C9E100E376E2 /* Release */,
			);
			defaultConfigurationIsVisible = 0;
			defaultConfigurationName = Release;
		};
		A79B335A2D42C9E100E376E2 /* Build configuration list for PBXNativeTarget "DoItOrLoseItTests" */ = {
			isa = XCConfigurationList;
			buildConfigurations = (
				A79B335B2D42C9E100E376E2 /* Debug */,
				A79B335C2D42C9E100E376E2 /* Release */,
			);
			defaultConfigurationIsVisible = 0;
			defaultConfigurationName = Release;
		};
		A79B335D2D42C9E100E376E2 /* Build configuration list for PBXNativeTarget "DoItOrLoseItUITests" */ = {
			isa = XCConfigurationList;
			buildConfigurations = (
				A79B335E2D42C9E100E376E2 /* Debug */,
				A79B335F2D42C9E100E376E2 /* Release */,
			);
			defaultConfigurationIsVisible = 0;
			defaultConfigurationName = Release;
		};
/* End XCConfigurationList section */

/* Begin XCVersionGroup section */
		A7CB2C192D5BEE270000DC80 /* PinTaskList.xcdatamodeld */ = {
			isa = XCVersionGroup;
			children = (
				A7CB2C1A2D5BEE270000DC80 /* PinTaskList.xcdatamodel */,
			);
			currentVersion = A7CB2C1A2D5BEE270000DC80 /* PinTaskList.xcdatamodel */;
			path = PinTaskList.xcdatamodeld;
			sourceTree = "<group>";
			versionGroupType = wrapper.xcdatamodel;
		};
/* End XCVersionGroup section */
	};
	rootObject = A79B33292D42C9DF00E376E2 /* Project object */;
}
